
Microsoft Visual Studio Solution File, Format Version 12.00
# Visual Studio 2012
Project("{FAE04EC0-301F-11D3-BF4B-00C04F79EFBC}") = "VP.FF.PT.Common.PlcCommunicationBeckhoff.IntegrationTests", "VP.FF.PT.Common.PlcCommunicationBeckhoff.IntegrationTests.csproj", "{B8DA54A3-31D4-4431-A902-F998601CF964}"
EndProject
Project("{FAE04EC0-301F-11D3-BF4B-00C04F79EFBC}") = "VP.FF.PT.Common.PlcCommunicationBeckhoff", "..\VP.FF.PT.Common.PlcCommunicationBeckhoff.csproj", "{F9531015-035D-4C51-9BF3-548E22F0141D}"
EndProject
Project("{FAE04EC0-301F-11D3-BF4B-00C04F79EFBC}") = "VP.FF.PT.Common.Infrastructure", "..\..\Infrastructure\VP.FF.PT.Common.Infrastructure.csproj", "{86D9C653-B7F7-40BA-9073-BE5936EC0460}"
EndProject
Project("{FAE04EC0-301F-11D3-BF4B-00C04F79EFBC}") = "VP.FF.PT.Common.PlcEssentials", "..\..\PlcEssentials\VP.FF.PT.Common.PlcEssentials.csproj", "{FE8AEA5E-E4EE-446E-8998-7022A27C2689}"
EndProject
Project("{FAE04EC0-301F-11D3-BF4B-00C04F79EFBC}") = "VP.FF.PT.Common.PlcCommunication", "..\..\PlcCommunication\VP.FF.PT.Common.PlcCommunication.csproj", "{0C582CDB-AC2D-41D2-89FE-22CE38A311B1}"
EndProject
Project("{2150E333-8FDC-42A3-9474-1A3956D46DE8}") = ".nuget", ".nuget", "{80293A4C-6B7F-4907-8386-8628260CA606}"
	ProjectSection(SolutionItems) = preProject
		.nuget\NuGet.Config = .nuget\NuGet.Config
		.nuget\NuGet.exe = .nuget\NuGet.exe
		.nuget\NuGet.targets = .nuget\NuGet.targets
	EndProjectSection
EndProject
Project("{FAE04EC0-301F-11D3-BF4B-00C04F79EFBC}") = "VP.FF.PT.Common.PlcCommunicationBeckhoff.UnitTests", "..\UnitTests\VP.FF.PT.Common.PlcCommunicationBeckhoff.UnitTests.csproj", "{82A47BDD-EAD5-4D75-8080-8C03694D5267}"
EndProject
Project("{FAE04EC0-301F-11D3-BF4B-00C04F79EFBC}") = "VP.FF.PT.Common.TestInfrastructure", "..\..\TestInfrastructure\VP.FF.PT.Common.TestInfrastructure.csproj", "{DFE4BE5F-BEA4-4C19-B1F2-7474658BCDC0}"
EndProject
Project("{FAE04EC0-301F-11D3-BF4B-00C04F79EFBC}") = "VP.FF.PT.Common.WpfInfrastructure", "..\..\WpfInfrastructure\VP.FF.PT.Common.WpfInfrastructure.csproj", "{2A1919CD-C54C-4334-89F4-A3CDFB666C91}"
EndProject
Global
	GlobalSection(SolutionConfigurationPlatforms) = preSolution
		Debug GenericUI|Any CPU = Debug GenericUI|Any CPU
		Debug PreTreatment|Any CPU = Debug PreTreatment|Any CPU
		Debug|Any CPU = Debug|Any CPU
		Debug-GenericUI|Any CPU = Debug-GenericUI|Any CPU
		Debug-PreTreatment|Any CPU = Debug-PreTreatment|Any CPU
		Debug-Printer|Any CPU = Debug-Printer|Any CPU
		Jetter|Any CPU = Jetter|Any CPU
		JetterDebug|Any CPU = JetterDebug|Any CPU
		Release GenericUI|Any CPU = Release GenericUI|Any CPU
		Release MaintenanceUI|Any CPU = Release MaintenanceUI|Any CPU
		Release PreTreatment|Any CPU = Release PreTreatment|Any CPU
		Release|Any CPU = Release|Any CPU
		Release-GenericUI|Any CPU = Release-GenericUI|Any CPU
		ReleaseMaintenanceUI|Any CPU = ReleaseMaintenanceUI|Any CPU
		Release-PreTreatment|Any CPU = Release-PreTreatment|Any CPU
		Release-Printer|Any CPU = Release-Printer|Any CPU
	EndGlobalSection
	GlobalSection(ProjectConfigurationPlatforms) = postSolution
		{B8DA54A3-31D4-4431-A902-F998601CF964}.Debug GenericUI|Any CPU.ActiveCfg = Debug|Any CPU
		{B8DA54A3-31D4-4431-A902-F998601CF964}.Debug GenericUI|Any CPU.Build.0 = Debug|Any CPU
		{B8DA54A3-31D4-4431-A902-F998601CF964}.Debug PreTreatment|Any CPU.ActiveCfg = Debug|Any CPU
		{B8DA54A3-31D4-4431-A902-F998601CF964}.Debug PreTreatment|Any CPU.Build.0 = Debug|Any CPU
		{B8DA54A3-31D4-4431-A902-F998601CF964}.Debug|Any CPU.ActiveCfg = Debug|Any CPU
		{B8DA54A3-31D4-4431-A902-F998601CF964}.Debug|Any CPU.Build.0 = Debug|Any CPU
		{B8DA54A3-31D4-4431-A902-F998601CF964}.Debug-GenericUI|Any CPU.ActiveCfg = Debug|Any CPU
		{B8DA54A3-31D4-4431-A902-F998601CF964}.Debug-GenericUI|Any CPU.Build.0 = Debug|Any CPU
		{B8DA54A3-31D4-4431-A902-F998601CF964}.Debug-PreTreatment|Any CPU.ActiveCfg = Debug|Any CPU
		{B8DA54A3-31D4-4431-A902-F998601CF964}.Debug-PreTreatment|Any CPU.Build.0 = Debug|Any CPU
		{B8DA54A3-31D4-4431-A902-F998601CF964}.Debug-Printer|Any CPU.ActiveCfg = Debug|Any CPU
		{B8DA54A3-31D4-4431-A902-F998601CF964}.Debug-Printer|Any CPU.Build.0 = Debug|Any CPU
		{B8DA54A3-31D4-4431-A902-F998601CF964}.Jetter|Any CPU.ActiveCfg = Release|Any CPU
		{B8DA54A3-31D4-4431-A902-F998601CF964}.Jetter|Any CPU.Build.0 = Release|Any CPU
		{B8DA54A3-31D4-4431-A902-F998601CF964}.JetterDebug|Any CPU.ActiveCfg = Debug|Any CPU
		{B8DA54A3-31D4-4431-A902-F998601CF964}.JetterDebug|Any CPU.Build.0 = Debug|Any CPU
		{B8DA54A3-31D4-4431-A902-F998601CF964}.Release GenericUI|Any CPU.ActiveCfg = Release|Any CPU
		{B8DA54A3-31D4-4431-A902-F998601CF964}.Release GenericUI|Any CPU.Build.0 = Release|Any CPU
		{B8DA54A3-31D4-4431-A902-F998601CF964}.Release MaintenanceUI|Any CPU.ActiveCfg = Release|Any CPU
		{B8DA54A3-31D4-4431-A902-F998601CF964}.Release MaintenanceUI|Any CPU.Build.0 = Release|Any CPU
		{B8DA54A3-31D4-4431-A902-F998601CF964}.Release PreTreatment|Any CPU.ActiveCfg = Release|Any CPU
		{B8DA54A3-31D4-4431-A902-F998601CF964}.Release PreTreatment|Any CPU.Build.0 = Release|Any CPU
		{B8DA54A3-31D4-4431-A902-F998601CF964}.Release|Any CPU.ActiveCfg = Release|Any CPU
		{B8DA54A3-31D4-4431-A902-F998601CF964}.Release|Any CPU.Build.0 = Release|Any CPU
		{B8DA54A3-31D4-4431-A902-F998601CF964}.Release-GenericUI|Any CPU.ActiveCfg = Release|Any CPU
		{B8DA54A3-31D4-4431-A902-F998601CF964}.Release-GenericUI|Any CPU.Build.0 = Release|Any CPU
		{B8DA54A3-31D4-4431-A902-F998601CF964}.ReleaseMaintenanceUI|Any CPU.ActiveCfg = Release|Any CPU
		{B8DA54A3-31D4-4431-A902-F998601CF964}.ReleaseMaintenanceUI|Any CPU.Build.0 = Release|Any CPU
		{B8DA54A3-31D4-4431-A902-F998601CF964}.Release-PreTreatment|Any CPU.ActiveCfg = Release|Any CPU
		{B8DA54A3-31D4-4431-A902-F998601CF964}.Release-PreTreatment|Any CPU.Build.0 = Release|Any CPU
		{B8DA54A3-31D4-4431-A902-F998601CF964}.Release-Printer|Any CPU.ActiveCfg = Release|Any CPU
		{B8DA54A3-31D4-4431-A902-F998601CF964}.Release-Printer|Any CPU.Build.0 = Release|Any CPU
		{F9531015-035D-4C51-9BF3-548E22F0141D}.Debug GenericUI|Any CPU.ActiveCfg = Debug GenericUI|Any CPU
		{F9531015-035D-4C51-9BF3-548E22F0141D}.Debug GenericUI|Any CPU.Build.0 = Debug GenericUI|Any CPU
		{F9531015-035D-4C51-9BF3-548E22F0141D}.Debug PreTreatment|Any CPU.ActiveCfg = Debug PreTreatment|Any CPU
		{F9531015-035D-4C51-9BF3-548E22F0141D}.Debug PreTreatment|Any CPU.Build.0 = Debug PreTreatment|Any CPU
		{F9531015-035D-4C51-9BF3-548E22F0141D}.Debug|Any CPU.ActiveCfg = Debug|Any CPU
		{F9531015-035D-4C51-9BF3-548E22F0141D}.Debug|Any CPU.Build.0 = Debug|Any CPU
		{F9531015-035D-4C51-9BF3-548E22F0141D}.Debug-GenericUI|Any CPU.ActiveCfg = Debug-GenericUI|Any CPU
		{F9531015-035D-4C51-9BF3-548E22F0141D}.Debug-GenericUI|Any CPU.Build.0 = Debug-GenericUI|Any CPU
		{F9531015-035D-4C51-9BF3-548E22F0141D}.Debug-PreTreatment|Any CPU.ActiveCfg = Debug-PreTreatment|Any CPU
		{F9531015-035D-4C51-9BF3-548E22F0141D}.Debug-PreTreatment|Any CPU.Build.0 = Debug-PreTreatment|Any CPU
		{F9531015-035D-4C51-9BF3-548E22F0141D}.Debug-Printer|Any CPU.ActiveCfg = Debug-Printer|Any CPU
		{F9531015-035D-4C51-9BF3-548E22F0141D}.Debug-Printer|Any CPU.Build.0 = Debug-Printer|Any CPU
		{F9531015-035D-4C51-9BF3-548E22F0141D}.Jetter|Any CPU.ActiveCfg = Jetter|Any CPU
		{F9531015-035D-4C51-9BF3-548E22F0141D}.Jetter|Any CPU.Build.0 = Jetter|Any CPU
		{F9531015-035D-4C51-9BF3-548E22F0141D}.JetterDebug|Any CPU.ActiveCfg = JetterDebug|Any CPU
		{F9531015-035D-4C51-9BF3-548E22F0141D}.JetterDebug|Any CPU.Build.0 = JetterDebug|Any CPU
		{F9531015-035D-4C51-9BF3-548E22F0141D}.Release GenericUI|Any CPU.ActiveCfg = Release GenericUI|Any CPU
		{F9531015-035D-4C51-9BF3-548E22F0141D}.Release GenericUI|Any CPU.Build.0 = Release GenericUI|Any CPU
		{F9531015-035D-4C51-9BF3-548E22F0141D}.Release MaintenanceUI|Any CPU.ActiveCfg = Release MaintenanceUI|Any CPU
		{F9531015-035D-4C51-9BF3-548E22F0141D}.Release MaintenanceUI|Any CPU.Build.0 = Release MaintenanceUI|Any CPU
		{F9531015-035D-4C51-9BF3-548E22F0141D}.Release PreTreatment|Any CPU.ActiveCfg = Release PreTreatment|Any CPU
		{F9531015-035D-4C51-9BF3-548E22F0141D}.Release PreTreatment|Any CPU.Build.0 = Release PreTreatment|Any CPU
		{F9531015-035D-4C51-9BF3-548E22F0141D}.Release|Any CPU.ActiveCfg = Release|Any CPU
		{F9531015-035D-4C51-9BF3-548E22F0141D}.Release|Any CPU.Build.0 = Release|Any CPU
		{F9531015-035D-4C51-9BF3-548E22F0141D}.Release-GenericUI|Any CPU.ActiveCfg = Release-GenericUI|Any CPU
		{F9531015-035D-4C51-9BF3-548E22F0141D}.Release-GenericUI|Any CPU.Build.0 = Release-GenericUI|Any CPU
		{F9531015-035D-4C51-9BF3-548E22F0141D}.ReleaseMaintenanceUI|Any CPU.ActiveCfg = ReleaseMaintenanceUI|Any CPU
		{F9531015-035D-4C51-9BF3-548E22F0141D}.ReleaseMaintenanceUI|Any CPU.Build.0 = ReleaseMaintenanceUI|Any CPU
		{F9531015-035D-4C51-9BF3-548E22F0141D}.Release-PreTreatment|Any CPU.ActiveCfg = Release-PreTreatment|Any CPU
		{F9531015-035D-4C51-9BF3-548E22F0141D}.Release-PreTreatment|Any CPU.Build.0 = Release-PreTreatment|Any CPU
		{F9531015-035D-4C51-9BF3-548E22F0141D}.Release-Printer|Any CPU.ActiveCfg = Release-Printer|Any CPU
		{F9531015-035D-4C51-9BF3-548E22F0141D}.Release-Printer|Any CPU.Build.0 = Release-Printer|Any CPU
		{86D9C653-B7F7-40BA-9073-BE5936EC0460}.Debug GenericUI|Any CPU.ActiveCfg = Debug-Printer|Any CPU
		{86D9C653-B7F7-40BA-9073-BE5936EC0460}.Debug GenericUI|Any CPU.Build.0 = Debug-Printer|Any CPU
		{86D9C653-B7F7-40BA-9073-BE5936EC0460}.Debug PreTreatment|Any CPU.ActiveCfg = Debug-Printer|Any CPU
		{86D9C653-B7F7-40BA-9073-BE5936EC0460}.Debug PreTreatment|Any CPU.Build.0 = Debug-Printer|Any CPU
		{86D9C653-B7F7-40BA-9073-BE5936EC0460}.Debug|Any CPU.ActiveCfg = Debug|Any CPU
		{86D9C653-B7F7-40BA-9073-BE5936EC0460}.Debug|Any CPU.Build.0 = Debug|Any CPU
		{86D9C653-B7F7-40BA-9073-BE5936EC0460}.Debug-GenericUI|Any CPU.ActiveCfg = Debug-GenericUI|Any CPU
		{86D9C653-B7F7-40BA-9073-BE5936EC0460}.Debug-GenericUI|Any CPU.Build.0 = Debug-GenericUI|Any CPU
		{86D9C653-B7F7-40BA-9073-BE5936EC0460}.Debug-PreTreatment|Any CPU.ActiveCfg = Debug-PreTreatment|Any CPU
		{86D9C653-B7F7-40BA-9073-BE5936EC0460}.Debug-PreTreatment|Any CPU.Build.0 = Debug-PreTreatment|Any CPU
		{86D9C653-B7F7-40BA-9073-BE5936EC0460}.Debug-Printer|Any CPU.ActiveCfg = Debug-Printer|Any CPU
		{86D9C653-B7F7-40BA-9073-BE5936EC0460}.Debug-Printer|Any CPU.Build.0 = Debug-Printer|Any CPU
		{86D9C653-B7F7-40BA-9073-BE5936EC0460}.Jetter|Any CPU.ActiveCfg = Jetter|Any CPU
		{86D9C653-B7F7-40BA-9073-BE5936EC0460}.Jetter|Any CPU.Build.0 = Jetter|Any CPU
		{86D9C653-B7F7-40BA-9073-BE5936EC0460}.JetterDebug|Any CPU.ActiveCfg = JetterDebug|Any CPU
		{86D9C653-B7F7-40BA-9073-BE5936EC0460}.JetterDebug|Any CPU.Build.0 = JetterDebug|Any CPU
		{86D9C653-B7F7-40BA-9073-BE5936EC0460}.Release GenericUI|Any CPU.ActiveCfg = Release MaintenanceUI|Any CPU
		{86D9C653-B7F7-40BA-9073-BE5936EC0460}.Release GenericUI|Any CPU.Build.0 = Release MaintenanceUI|Any CPU
		{86D9C653-B7F7-40BA-9073-BE5936EC0460}.Release MaintenanceUI|Any CPU.ActiveCfg = Release MaintenanceUI|Any CPU
		{86D9C653-B7F7-40BA-9073-BE5936EC0460}.Release MaintenanceUI|Any CPU.Build.0 = Release MaintenanceUI|Any CPU
		{86D9C653-B7F7-40BA-9073-BE5936EC0460}.Release PreTreatment|Any CPU.ActiveCfg = Release MaintenanceUI|Any CPU
		{86D9C653-B7F7-40BA-9073-BE5936EC0460}.Release PreTreatment|Any CPU.Build.0 = Release MaintenanceUI|Any CPU
		{86D9C653-B7F7-40BA-9073-BE5936EC0460}.Release|Any CPU.ActiveCfg = Release|Any CPU
		{86D9C653-B7F7-40BA-9073-BE5936EC0460}.Release|Any CPU.Build.0 = Release|Any CPU
		{86D9C653-B7F7-40BA-9073-BE5936EC0460}.Release-GenericUI|Any CPU.ActiveCfg = Release-GenericUI|Any CPU
		{86D9C653-B7F7-40BA-9073-BE5936EC0460}.Release-GenericUI|Any CPU.Build.0 = Release-GenericUI|Any CPU
		{86D9C653-B7F7-40BA-9073-BE5936EC0460}.ReleaseMaintenanceUI|Any CPU.ActiveCfg = ReleaseMaintenanceUI|Any CPU
		{86D9C653-B7F7-40BA-9073-BE5936EC0460}.ReleaseMaintenanceUI|Any CPU.Build.0 = ReleaseMaintenanceUI|Any CPU
		{86D9C653-B7F7-40BA-9073-BE5936EC0460}.Release-PreTreatment|Any CPU.ActiveCfg = Release-PreTreatment|Any CPU
		{86D9C653-B7F7-40BA-9073-BE5936EC0460}.Release-PreTreatment|Any CPU.Build.0 = Release-PreTreatment|Any CPU
		{86D9C653-B7F7-40BA-9073-BE5936EC0460}.Release-Printer|Any CPU.ActiveCfg = Release-Printer|Any CPU
		{86D9C653-B7F7-40BA-9073-BE5936EC0460}.Release-Printer|Any CPU.Build.0 = Release-Printer|Any CPU
		{FE8AEA5E-E4EE-446E-8998-7022A27C2689}.Debug GenericUI|Any CPU.ActiveCfg = Debug|Any CPU
		{FE8AEA5E-E4EE-446E-8998-7022A27C2689}.Debug GenericUI|Any CPU.Build.0 = Debug|Any CPU
		{FE8AEA5E-E4EE-446E-8998-7022A27C2689}.Debug PreTreatment|Any CPU.ActiveCfg = Debug|Any CPU
		{FE8AEA5E-E4EE-446E-8998-7022A27C2689}.Debug PreTreatment|Any CPU.Build.0 = Debug|Any CPU
		{FE8AEA5E-E4EE-446E-8998-7022A27C2689}.Debug|Any CPU.ActiveCfg = Debug|Any CPU
		{FE8AEA5E-E4EE-446E-8998-7022A27C2689}.Debug|Any CPU.Build.0 = Debug|Any CPU
		{FE8AEA5E-E4EE-446E-8998-7022A27C2689}.Debug-GenericUI|Any CPU.ActiveCfg = Debug|Any CPU
		{FE8AEA5E-E4EE-446E-8998-7022A27C2689}.Debug-GenericUI|Any CPU.Build.0 = Debug|Any CPU
		{FE8AEA5E-E4EE-446E-8998-7022A27C2689}.Debug-PreTreatment|Any CPU.ActiveCfg = Debug|Any CPU
		{FE8AEA5E-E4EE-446E-8998-7022A27C2689}.Debug-PreTreatment|Any CPU.Build.0 = Debug|Any CPU
		{FE8AEA5E-E4EE-446E-8998-7022A27C2689}.Debug-Printer|Any CPU.ActiveCfg = Debug|Any CPU
		{FE8AEA5E-E4EE-446E-8998-7022A27C2689}.Debug-Printer|Any CPU.Build.0 = Debug|Any CPU
		{FE8AEA5E-E4EE-446E-8998-7022A27C2689}.Jetter|Any CPU.ActiveCfg = Jetter|Any CPU
		{FE8AEA5E-E4EE-446E-8998-7022A27C2689}.Jetter|Any CPU.Build.0 = Jetter|Any CPU
		{FE8AEA5E-E4EE-446E-8998-7022A27C2689}.JetterDebug|Any CPU.ActiveCfg = JetterDebug|Any CPU
		{FE8AEA5E-E4EE-446E-8998-7022A27C2689}.JetterDebug|Any CPU.Build.0 = JetterDebug|Any CPU
		{FE8AEA5E-E4EE-446E-8998-7022A27C2689}.Release GenericUI|Any CPU.ActiveCfg = Release|Any CPU
		{FE8AEA5E-E4EE-446E-8998-7022A27C2689}.Release GenericUI|Any CPU.Build.0 = Release|Any CPU
		{FE8AEA5E-E4EE-446E-8998-7022A27C2689}.Release MaintenanceUI|Any CPU.ActiveCfg = Release|Any CPU
		{FE8AEA5E-E4EE-446E-8998-7022A27C2689}.Release MaintenanceUI|Any CPU.Build.0 = Release|Any CPU
		{FE8AEA5E-E4EE-446E-8998-7022A27C2689}.Release PreTreatment|Any CPU.ActiveCfg = Release|Any CPU
		{FE8AEA5E-E4EE-446E-8998-7022A27C2689}.Release PreTreatment|Any CPU.Build.0 = Release|Any CPU
		{FE8AEA5E-E4EE-446E-8998-7022A27C2689}.Release|Any CPU.ActiveCfg = Release|Any CPU
		{FE8AEA5E-E4EE-446E-8998-7022A27C2689}.Release|Any CPU.Build.0 = Release|Any CPU
		{FE8AEA5E-E4EE-446E-8998-7022A27C2689}.Release-GenericUI|Any CPU.ActiveCfg = Release|Any CPU
		{FE8AEA5E-E4EE-446E-8998-7022A27C2689}.Release-GenericUI|Any CPU.Build.0 = Release|Any CPU
		{FE8AEA5E-E4EE-446E-8998-7022A27C2689}.ReleaseMaintenanceUI|Any CPU.ActiveCfg = Release|Any CPU
		{FE8AEA5E-E4EE-446E-8998-7022A27C2689}.ReleaseMaintenanceUI|Any CPU.Build.0 = Release|Any CPU
		{FE8AEA5E-E4EE-446E-8998-7022A27C2689}.Release-PreTreatment|Any CPU.ActiveCfg = Release|Any CPU
		{FE8AEA5E-E4EE-446E-8998-7022A27C2689}.Release-PreTreatment|Any CPU.Build.0 = Release|Any CPU
		{FE8AEA5E-E4EE-446E-8998-7022A27C2689}.Release-Printer|Any CPU.ActiveCfg = Release|Any CPU
		{FE8AEA5E-E4EE-446E-8998-7022A27C2689}.Release-Printer|Any CPU.Build.0 = Release|Any CPU
		{0C582CDB-AC2D-41D2-89FE-22CE38A311B1}.Debug GenericUI|Any CPU.ActiveCfg = Debug GenericUI|Any CPU
		{0C582CDB-AC2D-41D2-89FE-22CE38A311B1}.Debug GenericUI|Any CPU.Build.0 = Debug GenericUI|Any CPU
		{0C582CDB-AC2D-41D2-89FE-22CE38A311B1}.Debug PreTreatment|Any CPU.ActiveCfg = Debug PreTreatment|Any CPU
		{0C582CDB-AC2D-41D2-89FE-22CE38A311B1}.Debug PreTreatment|Any CPU.Build.0 = Debug PreTreatment|Any CPU
		{0C582CDB-AC2D-41D2-89FE-22CE38A311B1}.Debug|Any CPU.ActiveCfg = Debug|Any CPU
		{0C582CDB-AC2D-41D2-89FE-22CE38A311B1}.Debug|Any CPU.Build.0 = Debug|Any CPU
		{0C582CDB-AC2D-41D2-89FE-22CE38A311B1}.Debug-GenericUI|Any CPU.ActiveCfg = Debug-GenericUI|Any CPU
		{0C582CDB-AC2D-41D2-89FE-22CE38A311B1}.Debug-GenericUI|Any CPU.Build.0 = Debug-GenericUI|Any CPU
		{0C582CDB-AC2D-41D2-89FE-22CE38A311B1}.Debug-PreTreatment|Any CPU.ActiveCfg = Debug-PreTreatment|Any CPU
		{0C582CDB-AC2D-41D2-89FE-22CE38A311B1}.Debug-PreTreatment|Any CPU.Build.0 = Debug-PreTreatment|Any CPU
		{0C582CDB-AC2D-41D2-89FE-22CE38A311B1}.Debug-Printer|Any CPU.ActiveCfg = Debug-Printer|Any CPU
		{0C582CDB-AC2D-41D2-89FE-22CE38A311B1}.Debug-Printer|Any CPU.Build.0 = Debug-Printer|Any CPU
		{0C582CDB-AC2D-41D2-89FE-22CE38A311B1}.Jetter|Any CPU.ActiveCfg = Jetter|Any CPU
		{0C582CDB-AC2D-41D2-89FE-22CE38A311B1}.Jetter|Any CPU.Build.0 = Jetter|Any CPU
		{0C582CDB-AC2D-41D2-89FE-22CE38A311B1}.JetterDebug|Any CPU.ActiveCfg = JetterDebug|Any CPU
		{0C582CDB-AC2D-41D2-89FE-22CE38A311B1}.JetterDebug|Any CPU.Build.0 = JetterDebug|Any CPU
		{0C582CDB-AC2D-41D2-89FE-22CE38A311B1}.Release GenericUI|Any CPU.ActiveCfg = Release GenericUI|Any CPU
		{0C582CDB-AC2D-41D2-89FE-22CE38A311B1}.Release GenericUI|Any CPU.Build.0 = Release GenericUI|Any CPU
		{0C582CDB-AC2D-41D2-89FE-22CE38A311B1}.Release MaintenanceUI|Any CPU.ActiveCfg = Release MaintenanceUI|Any CPU
		{0C582CDB-AC2D-41D2-89FE-22CE38A311B1}.Release MaintenanceUI|Any CPU.Build.0 = Release MaintenanceUI|Any CPU
		{0C582CDB-AC2D-41D2-89FE-22CE38A311B1}.Release PreTreatment|Any CPU.ActiveCfg = Release PreTreatment|Any CPU
		{0C582CDB-AC2D-41D2-89FE-22CE38A311B1}.Release PreTreatment|Any CPU.Build.0 = Release PreTreatment|Any CPU
		{0C582CDB-AC2D-41D2-89FE-22CE38A311B1}.Release|Any CPU.ActiveCfg = Release|Any CPU
		{0C582CDB-AC2D-41D2-89FE-22CE38A311B1}.Release|Any CPU.Build.0 = Release|Any CPU
		{0C582CDB-AC2D-41D2-89FE-22CE38A311B1}.Release-GenericUI|Any CPU.ActiveCfg = Release-GenericUI|Any CPU
		{0C582CDB-AC2D-41D2-89FE-22CE38A311B1}.Release-GenericUI|Any CPU.Build.0 = Release-GenericUI|Any CPU
		{0C582CDB-AC2D-41D2-89FE-22CE38A311B1}.ReleaseMaintenanceUI|Any CPU.ActiveCfg = ReleaseMaintenanceUI|Any CPU
		{0C582CDB-AC2D-41D2-89FE-22CE38A311B1}.ReleaseMaintenanceUI|Any CPU.Build.0 = ReleaseMaintenanceUI|Any CPU
		{0C582CDB-AC2D-41D2-89FE-22CE38A311B1}.Release-PreTreatment|Any CPU.ActiveCfg = Release-PreTreatment|Any CPU
		{0C582CDB-AC2D-41D2-89FE-22CE38A311B1}.Release-PreTreatment|Any CPU.Build.0 = Release-PreTreatment|Any CPU
		{0C582CDB-AC2D-41D2-89FE-22CE38A311B1}.Release-Printer|Any CPU.ActiveCfg = Release-Printer|Any CPU
		{0C582CDB-AC2D-41D2-89FE-22CE38A311B1}.Release-Printer|Any CPU.Build.0 = Release-Printer|Any CPU
		{82A47BDD-EAD5-4D75-8080-8C03694D5267}.Debug GenericUI|Any CPU.ActiveCfg = Debug|Any CPU
		{82A47BDD-EAD5-4D75-8080-8C03694D5267}.Debug GenericUI|Any CPU.Build.0 = Debug|Any CPU
		{82A47BDD-EAD5-4D75-8080-8C03694D5267}.Debug PreTreatment|Any CPU.ActiveCfg = Debug|Any CPU
		{82A47BDD-EAD5-4D75-8080-8C03694D5267}.Debug PreTreatment|Any CPU.Build.0 = Debug|Any CPU
		{82A47BDD-EAD5-4D75-8080-8C03694D5267}.Debug|Any CPU.ActiveCfg = Debug|Any CPU
		{82A47BDD-EAD5-4D75-8080-8C03694D5267}.Debug|Any CPU.Build.0 = Debug|Any CPU
		{82A47BDD-EAD5-4D75-8080-8C03694D5267}.Debug-GenericUI|Any CPU.ActiveCfg = Debug|Any CPU
		{82A47BDD-EAD5-4D75-8080-8C03694D5267}.Debug-GenericUI|Any CPU.Build.0 = Debug|Any CPU
		{82A47BDD-EAD5-4D75-8080-8C03694D5267}.Debug-PreTreatment|Any CPU.ActiveCfg = Debug|Any CPU
		{82A47BDD-EAD5-4D75-8080-8C03694D5267}.Debug-PreTreatment|Any CPU.Build.0 = Debug|Any CPU
		{82A47BDD-EAD5-4D75-8080-8C03694D5267}.Debug-Printer|Any CPU.ActiveCfg = Debug|Any CPU
		{82A47BDD-EAD5-4D75-8080-8C03694D5267}.Debug-Printer|Any CPU.Build.0 = Debug|Any CPU
		{82A47BDD-EAD5-4D75-8080-8C03694D5267}.Jetter|Any CPU.ActiveCfg = Jetter|Any CPU
		{82A47BDD-EAD5-4D75-8080-8C03694D5267}.Jetter|Any CPU.Build.0 = Jetter|Any CPU
		{82A47BDD-EAD5-4D75-8080-8C03694D5267}.JetterDebug|Any CPU.ActiveCfg = JetterDebug|Any CPU
		{82A47BDD-EAD5-4D75-8080-8C03694D5267}.JetterDebug|Any CPU.Build.0 = JetterDebug|Any CPU
		{82A47BDD-EAD5-4D75-8080-8C03694D5267}.Release GenericUI|Any CPU.ActiveCfg = Release MaintenanceUI|Any CPU
		{82A47BDD-EAD5-4D75-8080-8C03694D5267}.Release GenericUI|Any CPU.Build.0 = Release MaintenanceUI|Any CPU
		{82A47BDD-EAD5-4D75-8080-8C03694D5267}.Release MaintenanceUI|Any CPU.ActiveCfg = Release MaintenanceUI|Any CPU
		{82A47BDD-EAD5-4D75-8080-8C03694D5267}.Release MaintenanceUI|Any CPU.Build.0 = Release MaintenanceUI|Any CPU
		{82A47BDD-EAD5-4D75-8080-8C03694D5267}.Release PreTreatment|Any CPU.ActiveCfg = Release MaintenanceUI|Any CPU
		{82A47BDD-EAD5-4D75-8080-8C03694D5267}.Release PreTreatment|Any CPU.Build.0 = Release MaintenanceUI|Any CPU
		{82A47BDD-EAD5-4D75-8080-8C03694D5267}.Release|Any CPU.ActiveCfg = Release|Any CPU
		{82A47BDD-EAD5-4D75-8080-8C03694D5267}.Release|Any CPU.Build.0 = Release|Any CPU
		{82A47BDD-EAD5-4D75-8080-8C03694D5267}.Release-GenericUI|Any CPU.ActiveCfg = ReleaseMaintenanceUI|Any CPU
		{82A47BDD-EAD5-4D75-8080-8C03694D5267}.Release-GenericUI|Any CPU.Build.0 = ReleaseMaintenanceUI|Any CPU
		{82A47BDD-EAD5-4D75-8080-8C03694D5267}.ReleaseMaintenanceUI|Any CPU.ActiveCfg = ReleaseMaintenanceUI|Any CPU
		{82A47BDD-EAD5-4D75-8080-8C03694D5267}.ReleaseMaintenanceUI|Any CPU.Build.0 = ReleaseMaintenanceUI|Any CPU
		{82A47BDD-EAD5-4D75-8080-8C03694D5267}.Release-PreTreatment|Any CPU.ActiveCfg = ReleaseMaintenanceUI|Any CPU
		{82A47BDD-EAD5-4D75-8080-8C03694D5267}.Release-PreTreatment|Any CPU.Build.0 = ReleaseMaintenanceUI|Any CPU
		{82A47BDD-EAD5-4D75-8080-8C03694D5267}.Release-Printer|Any CPU.ActiveCfg = ReleaseMaintenanceUI|Any CPU
		{82A47BDD-EAD5-4D75-8080-8C03694D5267}.Release-Printer|Any CPU.Build.0 = ReleaseMaintenanceUI|Any CPU
		{DFE4BE5F-BEA4-4C19-B1F2-7474658BCDC0}.Debug GenericUI|Any CPU.ActiveCfg = Debug|Any CPU
		{DFE4BE5F-BEA4-4C19-B1F2-7474658BCDC0}.Debug GenericUI|Any CPU.Build.0 = Debug|Any CPU
		{DFE4BE5F-BEA4-4C19-B1F2-7474658BCDC0}.Debug PreTreatment|Any CPU.ActiveCfg = Debug|Any CPU
		{DFE4BE5F-BEA4-4C19-B1F2-7474658BCDC0}.Debug PreTreatment|Any CPU.Build.0 = Debug|Any CPU
		{DFE4BE5F-BEA4-4C19-B1F2-7474658BCDC0}.Debug|Any CPU.ActiveCfg = Debug|Any CPU
		{DFE4BE5F-BEA4-4C19-B1F2-7474658BCDC0}.Debug|Any CPU.Build.0 = Debug|Any CPU
		{DFE4BE5F-BEA4-4C19-B1F2-7474658BCDC0}.Debug-GenericUI|Any CPU.ActiveCfg = Debug|Any CPU
		{DFE4BE5F-BEA4-4C19-B1F2-7474658BCDC0}.Debug-GenericUI|Any CPU.Build.0 = Debug|Any CPU
		{DFE4BE5F-BEA4-4C19-B1F2-7474658BCDC0}.Debug-PreTreatment|Any CPU.ActiveCfg = Debug|Any CPU
		{DFE4BE5F-BEA4-4C19-B1F2-7474658BCDC0}.Debug-PreTreatment|Any CPU.Build.0 = Debug|Any CPU
		{DFE4BE5F-BEA4-4C19-B1F2-7474658BCDC0}.Debug-Printer|Any CPU.ActiveCfg = Debug|Any CPU
		{DFE4BE5F-BEA4-4C19-B1F2-7474658BCDC0}.Debug-Printer|Any CPU.Build.0 = Debug|Any CPU
		{DFE4BE5F-BEA4-4C19-B1F2-7474658BCDC0}.Jetter|Any CPU.ActiveCfg = Jetter|Any CPU
		{DFE4BE5F-BEA4-4C19-B1F2-7474658BCDC0}.Jetter|Any CPU.Build.0 = Jetter|Any CPU
		{DFE4BE5F-BEA4-4C19-B1F2-7474658BCDC0}.JetterDebug|Any CPU.ActiveCfg = JetterDebug|Any CPU
		{DFE4BE5F-BEA4-4C19-B1F2-7474658BCDC0}.JetterDebug|Any CPU.Build.0 = JetterDebug|Any CPU
		{DFE4BE5F-BEA4-4C19-B1F2-7474658BCDC0}.Release GenericUI|Any CPU.ActiveCfg = Release|Any CPU
		{DFE4BE5F-BEA4-4C19-B1F2-7474658BCDC0}.Release GenericUI|Any CPU.Build.0 = Release|Any CPU
		{DFE4BE5F-BEA4-4C19-B1F2-7474658BCDC0}.Release MaintenanceUI|Any CPU.ActiveCfg = Release|Any CPU
		{DFE4BE5F-BEA4-4C19-B1F2-7474658BCDC0}.Release MaintenanceUI|Any CPU.Build.0 = Release|Any CPU
		{DFE4BE5F-BEA4-4C19-B1F2-7474658BCDC0}.Release PreTreatment|Any CPU.ActiveCfg = Release|Any CPU
		{DFE4BE5F-BEA4-4C19-B1F2-7474658BCDC0}.Release PreTreatment|Any CPU.Build.0 = Release|Any CPU
		{DFE4BE5F-BEA4-4C19-B1F2-7474658BCDC0}.Release|Any CPU.ActiveCfg = Release|Any CPU
		{DFE4BE5F-BEA4-4C19-B1F2-7474658BCDC0}.Release|Any CPU.Build.0 = Release|Any CPU
		{DFE4BE5F-BEA4-4C19-B1F2-7474658BCDC0}.Release-GenericUI|Any CPU.ActiveCfg = Release|Any CPU
		{DFE4BE5F-BEA4-4C19-B1F2-7474658BCDC0}.Release-GenericUI|Any CPU.Build.0 = Release|Any CPU
		{DFE4BE5F-BEA4-4C19-B1F2-7474658BCDC0}.ReleaseMaintenanceUI|Any CPU.ActiveCfg = Release|Any CPU
		{DFE4BE5F-BEA4-4C19-B1F2-7474658BCDC0}.ReleaseMaintenanceUI|Any CPU.Build.0 = Release|Any CPU
		{DFE4BE5F-BEA4-4C19-B1F2-7474658BCDC0}.Release-PreTreatment|Any CPU.ActiveCfg = Release|Any CPU
		{DFE4BE5F-BEA4-4C19-B1F2-7474658BCDC0}.Release-PreTreatment|Any CPU.Build.0 = Release|Any CPU
		{DFE4BE5F-BEA4-4C19-B1F2-7474658BCDC0}.Release-Printer|Any CPU.ActiveCfg = Release|Any CPU
		{DFE4BE5F-BEA4-4C19-B1F2-7474658BCDC0}.Release-Printer|Any CPU.Build.0 = Release|Any CPU
		{2A1919CD-C54C-4334-89F4-A3CDFB666C91}.Debug GenericUI|Any CPU.ActiveCfg = Debug|Any CPU
		{2A1919CD-C54C-4334-89F4-A3CDFB666C91}.Debug GenericUI|Any CPU.Build.0 = Debug|Any CPU
		{2A1919CD-C54C-4334-89F4-A3CDFB666C91}.Debug PreTreatment|Any CPU.ActiveCfg = Debug|Any CPU
		{2A1919CD-C54C-4334-89F4-A3CDFB666C91}.Debug PreTreatment|Any CPU.Build.0 = Debug|Any CPU
		{2A1919CD-C54C-4334-89F4-A3CDFB666C91}.Debug|Any CPU.ActiveCfg = Debug|Any CPU
		{2A1919CD-C54C-4334-89F4-A3CDFB666C91}.Debug|Any CPU.Build.0 = Debug|Any CPU
		{2A1919CD-C54C-4334-89F4-A3CDFB666C91}.Debug-GenericUI|Any CPU.ActiveCfg = Debug|Any CPU
		{2A1919CD-C54C-4334-89F4-A3CDFB666C91}.Debug-GenericUI|Any CPU.Build.0 = Debug|Any CPU
		{2A1919CD-C54C-4334-89F4-A3CDFB666C91}.Debug-PreTreatment|Any CPU.ActiveCfg = Debug|Any CPU
		{2A1919CD-C54C-4334-89F4-A3CDFB666C91}.Debug-PreTreatment|Any CPU.Build.0 = Debug|Any CPU
		{2A1919CD-C54C-4334-89F4-A3CDFB666C91}.Debug-Printer|Any CPU.ActiveCfg = Debug|Any CPU
		{2A1919CD-C54C-4334-89F4-A3CDFB666C91}.Debug-Printer|Any CPU.Build.0 = Debug|Any CPU
		{2A1919CD-C54C-4334-89F4-A3CDFB666C91}.Jetter|Any CPU.ActiveCfg = Jetter|Any CPU
		{2A1919CD-C54C-4334-89F4-A3CDFB666C91}.Jetter|Any CPU.Build.0 = Jetter|Any CPU
		{2A1919CD-C54C-4334-89F4-A3CDFB666C91}.JetterDebug|Any CPU.ActiveCfg = JetterDebug|Any CPU
		{2A1919CD-C54C-4334-89F4-A3CDFB666C91}.JetterDebug|Any CPU.Build.0 = JetterDebug|Any CPU
		{2A1919CD-C54C-4334-89F4-A3CDFB666C91}.Release GenericUI|Any CPU.ActiveCfg = Release MaintenanceUI|Any CPU
		{2A1919CD-C54C-4334-89F4-A3CDFB666C91}.Release GenericUI|Any CPU.Build.0 = Release MaintenanceUI|Any CPU
		{2A1919CD-C54C-4334-89F4-A3CDFB666C91}.Release MaintenanceUI|Any CPU.ActiveCfg = Release MaintenanceUI|Any CPU
		{2A1919CD-C54C-4334-89F4-A3CDFB666C91}.Release MaintenanceUI|Any CPU.Build.0 = Release MaintenanceUI|Any CPU
		{2A1919CD-C54C-4334-89F4-A3CDFB666C91}.Release PreTreatment|Any CPU.ActiveCfg = Release MaintenanceUI|Any CPU
		{2A1919CD-C54C-4334-89F4-A3CDFB666C91}.Release PreTreatment|Any CPU.Build.0 = Release MaintenanceUI|Any CPU
		{2A1919CD-C54C-4334-89F4-A3CDFB666C91}.Release|Any CPU.ActiveCfg = Release|Any CPU
		{2A1919CD-C54C-4334-89F4-A3CDFB666C91}.Release|Any CPU.Build.0 = Release|Any CPU
		{2A1919CD-C54C-4334-89F4-A3CDFB666C91}.Release-GenericUI|Any CPU.ActiveCfg = ReleaseMaintenanceUI|Any CPU
		{2A1919CD-C54C-4334-89F4-A3CDFB666C91}.Release-GenericUI|Any CPU.Build.0 = ReleaseMaintenanceUI|Any CPU
		{2A1919CD-C54C-4334-89F4-A3CDFB666C91}.ReleaseMaintenanceUI|Any CPU.ActiveCfg = ReleaseMaintenanceUI|Any CPU
		{2A1919CD-C54C-4334-89F4-A3CDFB666C91}.ReleaseMaintenanceUI|Any CPU.Build.0 = ReleaseMaintenanceUI|Any CPU
		{2A1919CD-C54C-4334-89F4-A3CDFB666C91}.Release-PreTreatment|Any CPU.ActiveCfg = ReleaseMaintenanceUI|Any CPU
		{2A1919CD-C54C-4334-89F4-A3CDFB666C91}.Release-PreTreatment|Any CPU.Build.0 = ReleaseMaintenanceUI|Any CPU
		{2A1919CD-C54C-4334-89F4-A3CDFB666C91}.Release-Printer|Any CPU.ActiveCfg = ReleaseMaintenanceUI|Any CPU
		{2A1919CD-C54C-4334-89F4-A3CDFB666C91}.Release-Printer|Any CPU.Build.0 = ReleaseMaintenanceUI|Any CPU
	EndGlobalSection
	GlobalSection(SolutionProperties) = preSolution
		HideSolutionNode = FALSE
	EndGlobalSection
EndGlobal
